{
  "requires": true,
  "lockfileVersion": 1,
  "dependencies": {
    "bundler": {
      "version": "0.8.0",
      "resolved": "https://registry.npmjs.org/bundler/-/bundler-0.8.0.tgz",
      "integrity": "sha1-cu4VN3IOsId+4LvIzCrVupJhwk4=",
      "requires": {
        "coa": "2.0.1"
      }
    },
    "coa": {
      "version": "2.0.1",
      "resolved": "https://registry.npmjs.org/coa/-/coa-2.0.1.tgz",
      "integrity": "sha512-5wfTTO8E2/ja4jFSxePXlG5nRu5bBtL/r1HCIpJW/lzT6yDtKl0u0Z4o/Vpz32IpKmBn7HerheEZQgA9N2DarQ==",
      "requires": {
        "q": "1.5.1"
      }
    },
    "q": {
      "version": "1.5.1",
      "resolved": "https://registry.npmjs.org/q/-/q-1.5.1.tgz",
      "integrity": "sha1-fjL3W0E4EpHQRhHxvxQQmsAGUdc="
    }
  }
}
